# THIS IS AN AUTOGENERATED FILE. DO NOT EDIT THIS FILE DIRECTLY.
# yarn lockfile v1


million@^1.0.0:
  version "1.0.0"
  resolved "https://registry.yarnpkg.com/million/-/million-1.0.0.tgz#8f93f25b5fe02c19baa2653ec52a58b03584f326"
  integrity sha512-aU2MBPu5OsbXua7hZlMSCqsBd/ysVANuCdXtclRsI47u7HpkwxG2xu0E1aBcyBjEco4IJrylMZ22H2+oX6uteQ==
